
Microsoft Visual Studio Solution File, Format Version 12.00
# Visual Studio Version 16
VisualStudioVersion = 16.0.29025.244
MinimumVisualStudioVersion = 10.0.40219.1
Project("{FAE04EC0-301F-11D3-BF4B-00C04F79EFBC}") = "BookWorm.Business", "BookWorm.Business\BookWorm.Business.csproj", "{2AE47214-C74E-4305-BCEE-5E1D4E721D70}"
EndProject
Project("{FAE04EC0-301F-11D3-BF4B-00C04F79EFBC}") = "BookWorm.DataAccess", "BookWorm.DataAccess\BookWorm.DataAccess.csproj", "{686DEDB3-1DDF-4362-A5FA-2B56ED3D6929}"
EndProject
Project("{FAE04EC0-301F-11D3-BF4B-00C04F79EFBC}") = "BookWorm.Entities", "BookWorm.Entities\BookWorm.Entities.csproj", "{A5ADBB0D-EE98-4BF1-8DB2-8129BAE06733}"
EndProject
Project("{FAE04EC0-301F-11D3-BF4B-00C04F79EFBC}") = "BookWorm.MobilFormUI", "BookWorm.MobilFormUI\BookWorm.MobilFormUI.csproj", "{DFD341CD-C7F9-4DA7-A67C-5D43A522BCD6}"
EndProject
Project("{54435603-DBB4-11D2-8724-00A0C9A8B90C}") = "Setup1", "Setup1\Setup1.vdproj", "{FB2E8E61-A81A-49B4-9613-97CC685B797A}"
EndProject
Global
	GlobalSection(SolutionConfigurationPlatforms) = preSolution
		Debug|Any CPU = Debug|Any CPU
		Debug|ARM = Debug|ARM
		Debug|ARM64 = Debug|ARM64
		Debug|x64 = Debug|x64
		Debug|x86 = Debug|x86
		Release|Any CPU = Release|Any CPU
		Release|ARM = Release|ARM
		Release|ARM64 = Release|ARM64
		Release|x64 = Release|x64
		Release|x86 = Release|x86
	EndGlobalSection
	GlobalSection(ProjectConfigurationPlatforms) = postSolution
		{2AE47214-C74E-4305-BCEE-5E1D4E721D70}.Debug|Any CPU.ActiveCfg = Debug|Any CPU
		{2AE47214-C74E-4305-BCEE-5E1D4E721D70}.Debug|Any CPU.Build.0 = Debug|Any CPU
		{2AE47214-C74E-4305-BCEE-5E1D4E721D70}.Debug|ARM.ActiveCfg = Debug|Any CPU
		{2AE47214-C74E-4305-BCEE-5E1D4E721D70}.Debug|ARM.Build.0 = Debug|Any CPU
		{2AE47214-C74E-4305-BCEE-5E1D4E721D70}.Debug|ARM64.ActiveCfg = Debug|Any CPU
		{2AE47214-C74E-4305-BCEE-5E1D4E721D70}.Debug|ARM64.Build.0 = Debug|Any CPU
		{2AE47214-C74E-4305-BCEE-5E1D4E721D70}.Debug|x64.ActiveCfg = Debug|Any CPU
		{2AE47214-C74E-4305-BCEE-5E1D4E721D70}.Debug|x64.Build.0 = Debug|Any CPU
		{2AE47214-C74E-4305-BCEE-5E1D4E721D70}.Debug|x86.ActiveCfg = Debug|Any CPU
		{2AE47214-C74E-4305-BCEE-5E1D4E721D70}.Debug|x86.Build.0 = Debug|Any CPU
		{2AE47214-C74E-4305-BCEE-5E1D4E721D70}.Release|Any CPU.ActiveCfg = Release|Any CPU
		{2AE47214-C74E-4305-BCEE-5E1D4E721D70}.Release|Any CPU.Build.0 = Release|Any CPU
		{2AE47214-C74E-4305-BCEE-5E1D4E721D70}.Release|ARM.ActiveCfg = Release|Any CPU
		{2AE47214-C74E-4305-BCEE-5E1D4E721D70}.Release|ARM.Build.0 = Release|Any CPU
		{2AE47214-C74E-4305-BCEE-5E1D4E721D70}.Release|ARM64.ActiveCfg = Release|Any CPU
		{2AE47214-C74E-4305-BCEE-5E1D4E721D70}.Release|ARM64.Build.0 = Release|Any CPU
		{2AE47214-C74E-4305-BCEE-5E1D4E721D70}.Release|x64.ActiveCfg = Release|Any CPU
		{2AE47214-C74E-4305-BCEE-5E1D4E721D70}.Release|x64.Build.0 = Release|Any CPU
		{2AE47214-C74E-4305-BCEE-5E1D4E721D70}.Release|x86.ActiveCfg = Release|Any CPU
		{2AE47214-C74E-4305-BCEE-5E1D4E721D70}.Release|x86.Build.0 = Release|Any CPU
		{686DEDB3-1DDF-4362-A5FA-2B56ED3D6929}.Debug|Any CPU.ActiveCfg = Debug|Any CPU
		{686DEDB3-1DDF-4362-A5FA-2B56ED3D6929}.Debug|Any CPU.Build.0 = Debug|Any CPU
		{686DEDB3-1DDF-4362-A5FA-2B56ED3D6929}.Debug|ARM.ActiveCfg = Debug|Any CPU
		{686DEDB3-1DDF-4362-A5FA-2B56ED3D6929}.Debug|ARM.Build.0 = Debug|Any CPU
		{686DEDB3-1DDF-4362-A5FA-2B56ED3D6929}.Debug|ARM64.ActiveCfg = Debug|Any CPU
		{686DEDB3-1DDF-4362-A5FA-2B56ED3D6929}.Debug|ARM64.Build.0 = Debug|Any CPU
		{686DEDB3-1DDF-4362-A5FA-2B56ED3D6929}.Debug|x64.ActiveCfg = Debug|Any CPU
		{686DEDB3-1DDF-4362-A5FA-2B56ED3D6929}.Debug|x64.Build.0 = Debug|Any CPU
		{686DEDB3-1DDF-4362-A5FA-2B56ED3D6929}.Debug|x86.ActiveCfg = Debug|Any CPU
		{686DEDB3-1DDF-4362-A5FA-2B56ED3D6929}.Debug|x86.Build.0 = Debug|Any CPU
		{686DEDB3-1DDF-4362-A5FA-2B56ED3D6929}.Release|Any CPU.ActiveCfg = Release|Any CPU
		{686DEDB3-1DDF-4362-A5FA-2B56ED3D6929}.Release|Any CPU.Build.0 = Release|Any CPU
		{686DEDB3-1DDF-4362-A5FA-2B56ED3D6929}.Release|ARM.ActiveCfg = Release|Any CPU
		{686DEDB3-1DDF-4362-A5FA-2B56ED3D6929}.Release|ARM.Build.0 = Release|Any CPU
		{686DEDB3-1DDF-4362-A5FA-2B56ED3D6929}.Release|ARM64.ActiveCfg = Release|Any CPU
		{686DEDB3-1DDF-4362-A5FA-2B56ED3D6929}.Release|ARM64.Build.0 = Release|Any CPU
		{686DEDB3-1DDF-4362-A5FA-2B56ED3D6929}.Release|x64.ActiveCfg = Release|Any CPU
		{686DEDB3-1DDF-4362-A5FA-2B56ED3D6929}.Release|x64.Build.0 = Release|Any CPU
		{686DEDB3-1DDF-4362-A5FA-2B56ED3D6929}.Release|x86.ActiveCfg = Release|Any CPU
		{686DEDB3-1DDF-4362-A5FA-2B56ED3D6929}.Release|x86.Build.0 = Release|Any CPU
		{A5ADBB0D-EE98-4BF1-8DB2-8129BAE06733}.Debug|Any CPU.ActiveCfg = Debug|Any CPU
		{A5ADBB0D-EE98-4BF1-8DB2-8129BAE06733}.Debug|Any CPU.Build.0 = Debug|Any CPU
		{A5ADBB0D-EE98-4BF1-8DB2-8129BAE06733}.Debug|ARM.ActiveCfg = Debug|Any CPU
		{A5ADBB0D-EE98-4BF1-8DB2-8129BAE06733}.Debug|ARM.Build.0 = Debug|Any CPU
		{A5ADBB0D-EE98-4BF1-8DB2-8129BAE06733}.Debug|ARM64.ActiveCfg = Debug|Any CPU
		{A5ADBB0D-EE98-4BF1-8DB2-8129BAE06733}.Debug|ARM64.Build.0 = Debug|Any CPU
		{A5ADBB0D-EE98-4BF1-8DB2-8129BAE06733}.Debug|x64.ActiveCfg = Debug|Any CPU
		{A5ADBB0D-EE98-4BF1-8DB2-8129BAE06733}.Debug|x64.Build.0 = Debug|Any CPU
		{A5ADBB0D-EE98-4BF1-8DB2-8129BAE06733}.Debug|x86.ActiveCfg = Debug|Any CPU
		{A5ADBB0D-EE98-4BF1-8DB2-8129BAE06733}.Debug|x86.Build.0 = Debug|Any CPU
		{A5ADBB0D-EE98-4BF1-8DB2-8129BAE06733}.Release|Any CPU.ActiveCfg = Release|Any CPU
		{A5ADBB0D-EE98-4BF1-8DB2-8129BAE06733}.Release|Any CPU.Build.0 = Release|Any CPU
		{A5ADBB0D-EE98-4BF1-8DB2-8129BAE06733}.Release|ARM.ActiveCfg = Release|Any CPU
		{A5ADBB0D-EE98-4BF1-8DB2-8129BAE06733}.Release|ARM.Build.0 = Release|Any CPU
		{A5ADBB0D-EE98-4BF1-8DB2-8129BAE06733}.Release|ARM64.ActiveCfg = Release|Any CPU
		{A5ADBB0D-EE98-4BF1-8DB2-8129BAE06733}.Release|ARM64.Build.0 = Release|Any CPU
		{A5ADBB0D-EE98-4BF1-8DB2-8129BAE06733}.Release|x64.ActiveCfg = Release|Any CPU
		{A5ADBB0D-EE98-4BF1-8DB2-8129BAE06733}.Release|x64.Build.0 = Release|Any CPU
		{A5ADBB0D-EE98-4BF1-8DB2-8129BAE06733}.Release|x86.ActiveCfg = Release|Any CPU
		{A5ADBB0D-EE98-4BF1-8DB2-8129BAE06733}.Release|x86.Build.0 = Release|Any CPU
		{DFD341CD-C7F9-4DA7-A67C-5D43A522BCD6}.Debug|Any CPU.ActiveCfg = Debug|Any CPU
		{DFD341CD-C7F9-4DA7-A67C-5D43A522BCD6}.Debug|Any CPU.Build.0 = Debug|Any CPU
		{DFD341CD-C7F9-4DA7-A67C-5D43A522BCD6}.Debug|ARM.ActiveCfg = Debug|Any CPU
		{DFD341CD-C7F9-4DA7-A67C-5D43A522BCD6}.Debug|ARM.Build.0 = Debug|Any CPU
		{DFD341CD-C7F9-4DA7-A67C-5D43A522BCD6}.Debug|ARM64.ActiveCfg = Debug|Any CPU
		{DFD341CD-C7F9-4DA7-A67C-5D43A522BCD6}.Debug|ARM64.Build.0 = Debug|Any CPU
		{DFD341CD-C7F9-4DA7-A67C-5D43A522BCD6}.Debug|x64.ActiveCfg = Debug|Any CPU
		{DFD341CD-C7F9-4DA7-A67C-5D43A522BCD6}.Debug|x64.Build.0 = Debug|Any CPU
		{DFD341CD-C7F9-4DA7-A67C-5D43A522BCD6}.Debug|x86.ActiveCfg = Debug|Any CPU
		{DFD341CD-C7F9-4DA7-A67C-5D43A522BCD6}.Debug|x86.Build.0 = Debug|Any CPU
		{DFD341CD-C7F9-4DA7-A67C-5D43A522BCD6}.Release|Any CPU.ActiveCfg = Release|Any CPU
		{DFD341CD-C7F9-4DA7-A67C-5D43A522BCD6}.Release|Any CPU.Build.0 = Release|Any CPU
		{DFD341CD-C7F9-4DA7-A67C-5D43A522BCD6}.Release|ARM.ActiveCfg = Release|Any CPU
		{DFD341CD-C7F9-4DA7-A67C-5D43A522BCD6}.Release|ARM.Build.0 = Release|Any CPU
		{DFD341CD-C7F9-4DA7-A67C-5D43A522BCD6}.Release|ARM64.ActiveCfg = Release|Any CPU
		{DFD341CD-C7F9-4DA7-A67C-5D43A522BCD6}.Release|ARM64.Build.0 = Release|Any CPU
		{DFD341CD-C7F9-4DA7-A67C-5D43A522BCD6}.Release|x64.ActiveCfg = Release|Any CPU
		{DFD341CD-C7F9-4DA7-A67C-5D43A522BCD6}.Release|x64.Build.0 = Release|Any CPU
		{DFD341CD-C7F9-4DA7-A67C-5D43A522BCD6}.Release|x86.ActiveCfg = Release|Any CPU
		{DFD341CD-C7F9-4DA7-A67C-5D43A522BCD6}.Release|x86.Build.0 = Release|Any CPU
		{FB2E8E61-A81A-49B4-9613-97CC685B797A}.Debug|Any CPU.ActiveCfg = Debug
		{FB2E8E61-A81A-49B4-9613-97CC685B797A}.Debug|ARM.ActiveCfg = Debug
		{FB2E8E61-A81A-49B4-9613-97CC685B797A}.Debug|ARM64.ActiveCfg = Debug
		{FB2E8E61-A81A-49B4-9613-97CC685B797A}.Debug|x64.ActiveCfg = Debug
		{FB2E8E61-A81A-49B4-9613-97CC685B797A}.Debug|x86.ActiveCfg = Debug
		{FB2E8E61-A81A-49B4-9613-97CC685B797A}.Release|Any CPU.ActiveCfg = Release
		{FB2E8E61-A81A-49B4-9613-97CC685B797A}.Release|ARM.ActiveCfg = Release
		{FB2E8E61-A81A-49B4-9613-97CC685B797A}.Release|ARM64.ActiveCfg = Release
		{FB2E8E61-A81A-49B4-9613-97CC685B797A}.Release|x64.ActiveCfg = Release
		{FB2E8E61-A81A-49B4-9613-97CC685B797A}.Release|x86.ActiveCfg = Release
	EndGlobalSection
	GlobalSection(SolutionProperties) = preSolution
		HideSolutionNode = FALSE
	EndGlobalSection
	GlobalSection(ExtensibilityGlobals) = postSolution
		SolutionGuid = {2E69A625-6E48-495B-97D5-B7F92BAF8E06}
	EndGlobalSection
EndGlobal
